
Microsoft Visual Studio Solution File, Format Version 12.00
# Visual Studio 2012
Project("{FAE04EC0-301F-11D3-BF4B-00C04F79EFBC}") = "bobCG", "bobCG\bobCG.csproj", "{614C2D45-C8C1-4F24-85A9-E99F7B5E138D}"
EndProject
Project("{FAE04EC0-301F-11D3-BF4B-00C04F79EFBC}") = "BobMath", "BobMath\BobMath.csproj", "{99A6FB3C-D34A-46A1-9267-49C44FB29376}"
EndProject
Project("{FAE04EC0-301F-11D3-BF4B-00C04F79EFBC}") = "BobMatrixUnitTest", "BobMatrixUnitTest\BobMatrixUnitTest.csproj", "{08DB9B13-744F-4058-8074-7C9E1591B8D1}"
EndProject
Global
	GlobalSection(SolutionConfigurationPlatforms) = preSolution
		Debug|Any CPU = Debug|Any CPU
		Release|Any CPU = Release|Any CPU
	EndGlobalSection
	GlobalSection(ProjectConfigurationPlatforms) = postSolution
		{614C2D45-C8C1-4F24-85A9-E99F7B5E138D}.Debug|Any CPU.ActiveCfg = Debug|Any CPU
		{614C2D45-C8C1-4F24-85A9-E99F7B5E138D}.Debug|Any CPU.Build.0 = Debug|Any CPU
		{614C2D45-C8C1-4F24-85A9-E99F7B5E138D}.Release|Any CPU.ActiveCfg = Release|Any CPU
		{614C2D45-C8C1-4F24-85A9-E99F7B5E138D}.Release|Any CPU.Build.0 = Release|Any CPU
		{99A6FB3C-D34A-46A1-9267-49C44FB29376}.Debug|Any CPU.ActiveCfg = Debug|Any CPU
		{99A6FB3C-D34A-46A1-9267-49C44FB29376}.Debug|Any CPU.Build.0 = Debug|Any CPU
		{99A6FB3C-D34A-46A1-9267-49C44FB29376}.Release|Any CPU.ActiveCfg = Release|Any CPU
		{99A6FB3C-D34A-46A1-9267-49C44FB29376}.Release|Any CPU.Build.0 = Release|Any CPU
		{08DB9B13-744F-4058-8074-7C9E1591B8D1}.Debug|Any CPU.ActiveCfg = Debug|Any CPU
		{08DB9B13-744F-4058-8074-7C9E1591B8D1}.Debug|Any CPU.Build.0 = Debug|Any CPU
		{08DB9B13-744F-4058-8074-7C9E1591B8D1}.Release|Any CPU.ActiveCfg = Release|Any CPU
		{08DB9B13-744F-4058-8074-7C9E1591B8D1}.Release|Any CPU.Build.0 = Release|Any CPU
	EndGlobalSection
	GlobalSection(SolutionProperties) = preSolution
		HideSolutionNode = FALSE
	EndGlobalSection
EndGlobal
